// !$*UTF8*$!
{
	archiveVersion = 1;
	classes = {
	};
	objectVersion = 77;
	objects = {

/* Begin PBXContainerItemProxy section */
		947AD81A2DD10FE4007C00BD /* PBXContainerItemProxy */ = {
			isa = PBXContainerItemProxy;
			containerPortal = 947AD8012DD10FE3007C00BD /* Project object */;
			proxyType = 1;
			remoteGlobalIDString = 947AD8082DD10FE3007C00BD;
			remoteInfo = SciNotes;
		};
		947AD8242DD10FE4007C00BD /* PBXContainerItemProxy */ = {
			isa = PBXContainerItemProxy;
			containerPortal = 947AD8012DD10FE3007C00BD /* Project object */;
			proxyType = 1;
			remoteGlobalIDString = 947AD8082DD10FE3007C00BD;
			remoteInfo = SciNotes;
		};
/* End PBXContainerItemProxy section */

/* Begin PBXFileReference section */
		947AD8092DD10FE3007C00BD /* SciNotes.app */ = {isa = PBXFileReference; explicitFileType = wrapper.application; includeInIndex = 0; path = SciNotes.app; sourceTree = BUILT_PRODUCTS_DIR; };
		947AD8192DD10FE4007C00BD /* SciNotesTests.xctest */ = {isa = PBXFileReference; explicitFileType = wrapper.cfbundle; includeInIndex = 0; path = SciNotesTests.xctest; sourceTree = BUILT_PRODUCTS_DIR; };
		947AD8232DD10FE4007C00BD /* SciNotesUITests.xctest */ = {isa = PBXFileReference; explicitFileType = wrapper.cfbundle; includeInIndex = 0; path = SciNotesUITests.xctest; sourceTree = BUILT_PRODUCTS_DIR; };
/* End PBXFileReference section */

/* Begin PBXFileSystemSynchronizedBuildFileExceptionSet section */
		947AD82B2DD10FE4007C00BD /* Exceptions for "SciNotes" folder in "SciNotes" target */ = {
			isa = PBXFileSystemSynchronizedBuildFileExceptionSet;
			membershipExceptions = (
				Info.plist,
			);
			target = 947AD8082DD10FE3007C00BD /* SciNotes */;
		};
/* End PBXFileSystemSynchronizedBuildFileExceptionSet section */

/* Begin PBXFileSystemSynchronizedRootGroup section */
		947AD80B2DD10FE3007C00BD /* SciNotes */ = {
			isa = PBXFileSystemSynchronizedRootGroup;
			exceptions = (
				947AD82B2DD10FE4007C00BD /* Exceptions for "SciNotes" folder in "SciNotes" target */,
			);
			path = SciNotes;
			sourceTree = "<group>";
		};
		947AD81C2DD10FE4007C00BD /* SciNotesTests */ = {
			isa = PBXFileSystemSynchronizedRootGroup;
			path = SciNotesTests;
			sourceTree = "<group>";
		};
		947AD8262DD10FE4007C00BD /* SciNotesUITests */ = {
			isa = PBXFileSystemSynchronizedRootGroup;
			path = SciNotesUITests;
			sourceTree = "<group>";
		};
/* End PBXFileSystemSynchronizedRootGroup section */

/* Begin PBXFrameworksBuildPhase section */
		947AD8062DD10FE3007C00BD /* Frameworks */ = {
			isa = PBXFrameworksBuildPhase;
			buildActionMask = 2147483647;
			files = (
			);
			runOnlyForDeploymentPostprocessing = 0;
		};
		947AD8162DD10FE4007C00BD /* Frameworks */ = {
			isa = PBXFrameworksBuildPhase;
			buildActionMask = 2147483647;
			files = (
			);
			runOnlyForDeploymentPostprocessing = 0;
		};
		947AD8202DD10FE4007C00BD /* Frameworks */ = {
			isa = PBXFrameworksBuildPhase;
			buildActionMask = 2147483647;
			files = (
			);
			runOnlyForDeploymentPostprocessing = 0;
		};
/* End PBXFrameworksBuildPhase section */

/* Begin PBXGroup section */
		947AD8002DD10FE3007C00BD = {
			isa = PBXGroup;
			children = (
				947AD80B2DD10FE3007C00BD /* SciNotes */,
				947AD81C2DD10FE4007C00BD /* SciNotesTests */,
				947AD8262DD10FE4007C00BD /* SciNotesUITests */,
				947AD80A2DD10FE3007C00BD /* Products */,
			);
			sourceTree = "<group>";
		};
		947AD80A2DD10FE3007C00BD /* Products */ = {
			isa = PBXGroup;
			children = (
				947AD8092DD10FE3007C00BD /* SciNotes.app */,
				947AD8192DD10FE4007C00BD /* SciNotesTests.xctest */,
				947AD8232DD10FE4007C00BD /* SciNotesUITests.xctest */,
			);
			name = Products;
			sourceTree = "<group>";
		};
/* End PBXGroup section */

/* Begin PBXNativeTarget section */
		947AD8082DD10FE3007C00BD /* SciNotes */ = {
			isa = PBXNativeTarget;
			buildConfigurationList = 947AD82C2DD10FE4007C00BD /* Build configuration list for PBXNativeTarget "SciNotes" */;
			buildPhases = (
				947AD8052DD10FE3007C00BD /* Sources */,
				947AD8062DD10FE3007C00BD /* Frameworks */,
				947AD8072DD10FE3007C00BD /* Resources */,
			);
			buildRules = (
			);
			dependencies = (
			);
			fileSystemSynchronizedGroups = (
				947AD80B2DD10FE3007C00BD /* SciNotes */,
			);
			name = SciNotes;
			packageProductDependencies = (
			);
			productName = SciNotes;
			productReference = 947AD8092DD10FE3007C00BD /* SciNotes.app */;
			productType = "com.apple.product-type.application";
		};
		947AD8182DD10FE4007C00BD /* SciNotesTests */ = {
			isa = PBXNativeTarget;
			buildConfigurationList = 947AD8312DD10FE4007C00BD /* Build configuration list for PBXNativeTarget "SciNotesTests" */;
			buildPhases = (
				947AD8152DD10FE4007C00BD /* Sources */,
				947AD8162DD10FE4007C00BD /* Frameworks */,
				947AD8172DD10FE4007C00BD /* Resources */,
			);
			buildRules = (
			);
			dependencies = (
				947AD81B2DD10FE4007C00BD /* PBXTargetDependency */,
			);
			fileSystemSynchronizedGroups = (
				947AD81C2DD10FE4007C00BD /* SciNotesTests */,
			);
			name = SciNotesTests;
			packageProductDependencies = (
			);
			productName = SciNotesTests;
			productReference = 947AD8192DD10FE4007C00BD /* SciNotesTests.xctest */;
			productType = "com.apple.product-type.bundle.unit-test";
		};
		947AD8222DD10FE4007C00BD /* SciNotesUITests */ = {
			isa = PBXNativeTarget;
			buildConfigurationList = 947AD8342DD10FE4007C00BD /* Build configuration list for PBXNativeTarget "SciNotesUITests" */;
			buildPhases = (
				947AD81F2DD10FE4007C00BD /* Sources */,
				947AD8202DD10FE4007C00BD /* Frameworks */,
				947AD8212DD10FE4007C00BD /* Resources */,
			);
			buildRules = (
			);
			dependencies = (
				947AD8252DD10FE4007C00BD /* PBXTargetDependency */,
			);
			fileSystemSynchronizedGroups = (
				947AD8262DD10FE4007C00BD /* SciNotesUITests */,
			);
			name = SciNotesUITests;
			packageProductDependencies = (
			);
			productName = SciNotesUITests;
			productReference = 947AD8232DD10FE4007C00BD /* SciNotesUITests.xctest */;
			productType = "com.apple.product-type.bundle.ui-testing";
		};
/* End PBXNativeTarget section */

/* Begin PBXProject section */
		947AD8012DD10FE3007C00BD /* Project object */ = {
			isa = PBXProject;
			attributes = {
				BuildIndependentTargetsInParallel = 1;
				LastSwiftUpdateCheck = 1630;
				LastUpgradeCheck = 1630;
				TargetAttributes = {
					947AD8082DD10FE3007C00BD = {
						CreatedOnToolsVersion = 16.3;
					};
					947AD8182DD10FE4007C00BD = {
						CreatedOnToolsVersion = 16.3;
						TestTargetID = 947AD8082DD10FE3007C00BD;
					};
					947AD8222DD10FE4007C00BD = {
						CreatedOnToolsVersion = 16.3;
						TestTargetID = 947AD8082DD10FE3007C00BD;
					};
				};
			};
			buildConfigurationList = 947AD8042DD10FE3007C00BD /* Build configuration list for PBXProject "SciNotes" */;
			developmentRegion = en;
			hasScannedForEncodings = 0;
			knownRegions = (
				en,
				Base,
			);
			mainGroup = 947AD8002DD10FE3007C00BD;
			minimizedProjectReferenceProxies = 1;
			preferredProjectObjectVersion = 77;
			productRefGroup = 947AD80A2DD10FE3007C00BD /* Products */;
			projectDirPath = "";
			projectRoot = "";
			targets = (
				947AD8082DD10FE3007C00BD /* SciNotes */,
				947AD8182DD10FE4007C00BD /* SciNotesTests */,
				947AD8222DD10FE4007C00BD /* SciNotesUITests */,
			);
		};
/* End PBXProject section */

/* Begin PBXResourcesBuildPhase section */
		947AD8072DD10FE3007C00BD /* Resources */ = {
			isa = PBXResourcesBuildPhase;
			buildActionMask = 2147483647;
			files = (
			);
			runOnlyForDeploymentPostprocessing = 0;
		};
		947AD8172DD10FE4007C00BD /* Resources */ = {
			isa = PBXResourcesBuildPhase;
			buildActionMask = 2147483647;
			files = (
			);
			runOnlyForDeploymentPostprocessing = 0;
		};
		947AD8212DD10FE4007C00BD /* Resources */ = {
			isa = PBXResourcesBuildPhase;
			buildActionMask = 2147483647;
			files = (
			);
			runOnlyForDeploymentPostprocessing = 0;
		};
/* End PBXResourcesBuildPhase section */

/* Begin PBXSourcesBuildPhase section */
		947AD8052DD10FE3007C00BD /* Sources */ = {
			isa = PBXSourcesBuildPhase;
			buildActionMask = 2147483647;
			files = (
			);
			runOnlyForDeploymentPostprocessing = 0;
		};
		947AD8152DD10FE4007C00BD /* Sources */ = {
			isa = PBXSourcesBuildPhase;
			buildActionMask = 2147483647;
			files = (
			);
			runOnlyForDeploymentPostprocessing = 0;
		};
		947AD81F2DD10FE4007C00BD /* Sources */ = {
			isa = PBXSourcesBuildPhase;
			buildActionMask = 2147483647;
			files = (
			);
			runOnlyForDeploymentPostprocessing = 0;
		};
/* End PBXSourcesBuildPhase section */

/* Begin PBXTargetDependency section */
		947AD81B2DD10FE4007C00BD /* PBXTargetDependency */ = {
			isa = PBXTargetDependency;
			target = 947AD8082DD10FE3007C00BD /* SciNotes */;
			targetProxy = 947AD81A2DD10FE4007C00BD /* PBXContainerItemProxy */;
		};
		947AD8252DD10FE4007C00BD /* PBXTargetDependency */ = {
			isa = PBXTargetDependency;
			target = 947AD8082DD10FE3007C00BD /* SciNotes */;
			targetProxy = 947AD8242DD10FE4007C00BD /* PBXContainerItemProxy */;
		};
/* End PBXTargetDependency section */

/* Begin XCBuildConfiguration section */
		947AD82D2DD10FE4007C00BD /* Debug */ = {
			isa = XCBuildConfiguration;
			buildSettings = {
				ASSETCATALOG_COMPILER_APPICON_NAME = AppIcon;
				ASSETCATALOG_COMPILER_GLOBAL_ACCENT_COLOR_NAME = AccentColor;
				CODE_SIGN_STYLE = Automatic;
				CURRENT_PROJECT_VERSION = 1;
				ENABLE_PREVIEWS = YES;
				GENERATE_INFOPLIST_FILE = YES;
				INFOPLIST_FILE = SciNotes/Info.plist;
				INFOPLIST_KEY_UIApplicationSceneManifest_Generation = YES;
				INFOPLIST_KEY_UIApplicationSupportsIndirectInputEvents = YES;
				INFOPLIST_KEY_UILaunchScreen_Generation = YES;
				INFOPLIST_KEY_UISupportedInterfaceOrientations_iPad = "UIInterfaceOrientationPortrait UIInterfaceOrientationPortraitUpsideDown UIInterfaceOrientationLandscapeLeft UIInterfaceOrientationLandscapeRight";
				INFOPLIST_KEY_UISupportedInterfaceOrientations_iPhone = "UIInterfaceOrientationPortrait UIInterfaceOrientationLandscapeLeft UIInterfaceOrientationLandscapeRight";
				INFOPLIST_KEY_UISupportsDocumentBrowser = YES;
				LD_RUNPATH_SEARCH_PATHS = (
					"$(inherited)",
					"@executable_path/Frameworks",
				);
				MARKETING_VERSION = 1.0;
				PRODUCT_BUNDLE_IDENTIFIER = com.takeruito.SciNotes;
				PRODUCT_NAME = "$(TARGET_NAME)";
				SWIFT_EMIT_LOC_STRINGS = YES;
				SWIFT_VERSION = 5.0;
				TARGETED_DEVICE_FAMILY = "1,2";
			};
			name = Debug;
		};
		947AD82E2DD10FE4007C00BD /* Release */ = {
			isa = XCBuildConfiguration;
			buildSettings = {
				ASSETCATALOG_COMPILER_APPICON_NAME = AppIcon;
				ASSETCATALOG_COMPILER_GLOBAL_ACCENT_COLOR_NAME = AccentColor;
				CODE_SIGN_STYLE = Automatic;
				CURRENT_PROJECT_VERSION = 1;
				ENABLE_PREVIEWS = YES;
				GENERATE_INFOPLIST_FILE = YES;
				INFOPLIST_FILE = SciNotes/Info.plist;
				INFOPLIST_KEY_UIApplicationSceneManifest_Generation = YES;
				INFOPLIST_KEY_UIApplicationSupportsIndirectInputEvents = YES;
				INFOPLIST_KEY_UILaunchScreen_Generation = YES;
				INFOPLIST_KEY_UISupportedInterfaceOrientations_iPad = "UIInterfaceOrientationPortrait UIInterfaceOrientationPortraitUpsideDown UIInterfaceOrientationLandscapeLeft UIInterfaceOrientationLandscapeRight";
				INFOPLIST_KEY_UISupportedInterfaceOrientations_iPhone = "UIInterfaceOrientationPortrait UIInterfaceOrientationLandscapeLeft UIInterfaceOrientationLandscapeRight";
				INFOPLIST_KEY_UISupportsDocumentBrowser = YES;
				LD_RUNPATH_SEARCH_PATHS = (
					"$(inherited)",
					"@executable_path/Frameworks",
				);
				MARKETING_VERSION = 1.0;
				PRODUCT_BUNDLE_IDENTIFIER = com.takeruito.SciNotes;
				PRODUCT_NAME = "$(TARGET_NAME)";
				SWIFT_EMIT_LOC_STRINGS = YES;
				SWIFT_VERSION = 5.0;
				TARGETED_DEVICE_FAMILY = "1,2";
			};
			name = Release;
		};
		947AD82F2DD10FE4007C00BD /* Debug */ = {
			isa = XCBuildConfiguration;
			buildSettings = {
				ALWAYS_SEARCH_USER_PATHS = NO;
				ASSETCATALOG_COMPILER_GENERATE_SWIFT_ASSET_SYMBOL_EXTENSIONS = YES;
				CLANG_ANALYZER_NONNULL = YES;
				CLANG_ANALYZER_NUMBER_OBJECT_CONVERSION = YES_AGGRESSIVE;
				CLANG_CXX_LANGUAGE_STANDARD = "gnu++20";
				CLANG_ENABLE_MODULES = YES;
				CLANG_ENABLE_OBJC_ARC = YES;
				CLANG_ENABLE_OBJC_WEAK = YES;
				CLANG_WARN_BLOCK_CAPTURE_AUTORELEASING = YES;
				CLANG_WARN_BOOL_CONVERSION = YES;
				CLANG_WARN_COMMA = YES;
				CLANG_WARN_CONSTANT_CONVERSION = YES;
				CLANG_WARN_DEPRECATED_OBJC_IMPLEMENTATIONS = YES;
				CLANG_WARN_DIRECT_OBJC_ISA_USAGE = YES_ERROR;
				CLANG_WARN_DOCUMENTATION_COMMENTS = YES;
				CLANG_WARN_EMPTY_BODY = YES;
				CLANG_WARN_ENUM_CONVERSION = YES;
				CLANG_WARN_INFINITE_RECURSION = YES;
				CLANG_WARN_INT_CONVERSION = YES;
				CLANG_WARN_NON_LITERAL_NULL_CONVERSION = YES;
				CLANG_WARN_OBJC_IMPLICIT_RETAIN_SELF = YES;
				CLANG_WARN_OBJC_LITERAL_CONVERSION = YES;
				CLANG_WARN_OBJC_ROOT_CLASS = YES_ERROR;
				CLANG_WARN_QUOTED_INCLUDE_IN_FRAMEWORK_HEADER = YES;
				CLANG_WARN_RANGE_LOOP_ANALYSIS = YES;
				CLANG_WARN_STRICT_PROTOTYPES = YES;
				CLANG_WARN_SUSPICIOUS_MOVE = YES;
				CLANG_WARN_UNGUARDED_AVAILABILITY = YES_AGGRESSIVE;
				CLANG_WARN_UNREACHABLE_CODE = YES;
				CLANG_WARN__DUPLICATE_METHOD_MATCH = YES;
				COPY_PHASE_STRIP = NO;
				DEBUG_INFORMATION_FORMAT = dwarf;
				ENABLE_STRICT_OBJC_MSGSEND = YES;
				ENABLE_TESTABILITY = YES;
				ENABLE_USER_SCRIPT_SANDBOXING = YES;
				GCC_C_LANGUAGE_STANDARD = gnu17;
				GCC_DYNAMIC_NO_PIC = NO;
				GCC_NO_COMMON_BLOCKS = YES;
				GCC_OPTIMIZATION_LEVEL = 0;
				GCC_PREPROCESSOR_DEFINITIONS = (
					"DEBUG=1",
					"$(inherited)",
				);
				GCC_WARN_64_TO_32_BIT_CONVERSION = YES;
				GCC_WARN_ABOUT_RETURN_TYPE = YES_ERROR;
				GCC_WARN_UNDECLARED_SELECTOR = YES;
				GCC_WARN_UNINITIALIZED_AUTOS = YES_AGGRESSIVE;
				GCC_WARN_UNUSED_FUNCTION = YES;
				GCC_WARN_UNUSED_VARIABLE = YES;
				IPHONEOS_DEPLOYMENT_TARGET = 18.4;
				LOCALIZATION_PREFERS_STRING_CATALOGS = YES;
				MTL_ENABLE_DEBUG_INFO = INCLUDE_SOURCE;
				MTL_FAST_MATH = YES;
				ONLY_ACTIVE_ARCH = YES;
				SDKROOT = iphoneos;
				SWIFT_ACTIVE_COMPILATION_CONDITIONS = "DEBUG $(inherited)";
				SWIFT_OPTIMIZATION_LEVEL = "-Onone";
			};
			name = Debug;
		};
		947AD8302DD10FE4007C00BD /* Release */ = {
			isa = XCBuildConfiguration;
			buildSettings = {
				ALWAYS_SEARCH_USER_PATHS = NO;
				ASSETCATALOG_COMPILER_GENERATE_SWIFT_ASSET_SYMBOL_EXTENSIONS = YES;
				CLANG_ANALYZER_NONNULL = YES;
				CLANG_ANALYZER_NUMBER_OBJECT_CONVERSION = YES_AGGRESSIVE;
				CLANG_CXX_LANGUAGE_STANDARD = "gnu++20";
				CLANG_ENABLE_MODULES = YES;
				CLANG_ENABLE_OBJC_ARC = YES;
				CLANG_ENABLE_OBJC_WEAK = YES;
				CLANG_WARN_BLOCK_CAPTURE_AUTORELEASING = YES;
				CLANG_WARN_BOOL_CONVERSION = YES;
				CLANG_WARN_COMMA = YES;
				CLANG_WARN_CONSTANT_CONVERSION = YES;
				CLANG_WARN_DEPRECATED_OBJC_IMPLEMENTATIONS = YES;
				CLANG_WARN_DIRECT_OBJC_ISA_USAGE = YES_ERROR;
				CLANG_WARN_DOCUMENTATION_COMMENTS = YES;
				CLANG_WARN_EMPTY_BODY = YES;
				CLANG_WARN_ENUM_CONVERSION = YES;
				CLANG_WARN_INFINITE_RECURSION = YES;
				CLANG_WARN_INT_CONVERSION = YES;
				CLANG_WARN_NON_LITERAL_NULL_CONVERSION = YES;
				CLANG_WARN_OBJC_IMPLICIT_RETAIN_SELF = YES;
				CLANG_WARN_OBJC_LITERAL_CONVERSION = YES;
				CLANG_WARN_OBJC_ROOT_CLASS = YES_ERROR;
				CLANG_WARN_QUOTED_INCLUDE_IN_FRAMEWORK_HEADER = YES;
				CLANG_WARN_RANGE_LOOP_ANALYSIS = YES;
				CLANG_WARN_STRICT_PROTOTYPES = YES;
				CLANG_WARN_SUSPICIOUS_MOVE = YES;
				CLANG_WARN_UNGUARDED_AVAILABILITY = YES_AGGRESSIVE;
				CLANG_WARN_UNREACHABLE_CODE = YES;
				CLANG_WARN__DUPLICATE_METHOD_MATCH = YES;
				COPY_PHASE_STRIP = NO;
				DEBUG_INFORMATION_FORMAT = "dwarf-with-dsym";
				ENABLE_NS_ASSERTIONS = NO;
				ENABLE_STRICT_OBJC_MSGSEND = YES;
				ENABLE_USER_SCRIPT_SANDBOXING = YES;
				GCC_C_LANGUAGE_STANDARD = gnu17;
				GCC_NO_COMMON_BLOCKS = YES;
				GCC_WARN_64_TO_32_BIT_CONVERSION = YES;
				GCC_WARN_ABOUT_RETURN_TYPE = YES_ERROR;
				GCC_WARN_UNDECLARED_SELECTOR = YES;
				GCC_WARN_UNINITIALIZED_AUTOS = YES_AGGRESSIVE;
				GCC_WARN_UNUSED_FUNCTION = YES;
				GCC_WARN_UNUSED_VARIABLE = YES;
				IPHONEOS_DEPLOYMENT_TARGET = 18.4;
				LOCALIZATION_PREFERS_STRING_CATALOGS = YES;
				MTL_ENABLE_DEBUG_INFO = NO;
				MTL_FAST_MATH = YES;
				SDKROOT = iphoneos;
				SWIFT_COMPILATION_MODE = wholemodule;
				VALIDATE_PRODUCT = YES;
			};
			name = Release;
		};
		947AD8322DD10FE4007C00BD /* Debug */ = {
			isa = XCBuildConfiguration;
			buildSettings = {
				BUNDLE_LOADER = "$(TEST_HOST)";
				CODE_SIGN_STYLE = Automatic;
				CURRENT_PROJECT_VERSION = 1;
				GENERATE_INFOPLIST_FILE = YES;
				IPHONEOS_DEPLOYMENT_TARGET = 18.4;
				MARKETING_VERSION = 1.0;
				PRODUCT_BUNDLE_IDENTIFIER = com.takeruito.SciNotesTests;
				PRODUCT_NAME = "$(TARGET_NAME)";
				SWIFT_EMIT_LOC_STRINGS = NO;
				SWIFT_VERSION = 5.0;
				TARGETED_DEVICE_FAMILY = "1,2";
				TEST_HOST = "$(BUILT_PRODUCTS_DIR)/SciNotes.app/$(BUNDLE_EXECUTABLE_FOLDER_PATH)/SciNotes";
			};
			name = Debug;
		};
		947AD8332DD10FE4007C00BD /* Release */ = {
			isa = XCBuildConfiguration;
			buildSettings = {
				BUNDLE_LOADER = "$(TEST_HOST)";
				CODE_SIGN_STYLE = Automatic;
				CURRENT_PROJECT_VERSION = 1;
				GENERATE_INFOPLIST_FILE = YES;
				IPHONEOS_DEPLOYMENT_TARGET = 18.4;
				MARKETING_VERSION = 1.0;
				PRODUCT_BUNDLE_IDENTIFIER = com.takeruito.SciNotesTests;
				PRODUCT_NAME = "$(TARGET_NAME)";
				SWIFT_EMIT_LOC_STRINGS = NO;
				SWIFT_VERSION = 5.0;
				TARGETED_DEVICE_FAMILY = "1,2";
				TEST_HOST = "$(BUILT_PRODUCTS_DIR)/SciNotes.app/$(BUNDLE_EXECUTABLE_FOLDER_PATH)/SciNotes";
			};
			name = Release;
		};
		947AD8352DD10FE4007C00BD /* Debug */ = {
			isa = XCBuildConfiguration;
			buildSettings = {
				CODE_SIGN_STYLE = Automatic;
				CURRENT_PROJECT_VERSION = 1;
				GENERATE_INFOPLIST_FILE = YES;
				MARKETING_VERSION = 1.0;
				PRODUCT_BUNDLE_IDENTIFIER = com.takeruito.SciNotesUITests;
				PRODUCT_NAME = "$(TARGET_NAME)";
				SWIFT_EMIT_LOC_STRINGS = NO;
				SWIFT_VERSION = 5.0;
				TARGETED_DEVICE_FAMILY = "1,2";
				TEST_TARGET_NAME = SciNotes;
			};
			name = Debug;
		};
		947AD8362DD10FE4007C00BD /* Release */ = {
			isa = XCBuildConfiguration;
			buildSettings = {
				CODE_SIGN_STYLE = Automatic;
				CURRENT_PROJECT_VERSION = 1;
				GENERATE_INFOPLIST_FILE = YES;
				MARKETING_VERSION = 1.0;
				PRODUCT_BUNDLE_IDENTIFIER = com.takeruito.SciNotesUITests;
				PRODUCT_NAME = "$(TARGET_NAME)";
				SWIFT_EMIT_LOC_STRINGS = NO;
				SWIFT_VERSION = 5.0;
				TARGETED_DEVICE_FAMILY = "1,2";
				TEST_TARGET_NAME = SciNotes;
			};
			name = Release;
		};
/* End XCBuildConfiguration section */

/* Begin XCConfigurationList section */
		947AD8042DD10FE3007C00BD /* Build configuration list for PBXProject "SciNotes" */ = {
			isa = XCConfigurationList;
			buildConfigurations = (
				947AD82F2DD10FE4007C00BD /* Debug */,
				947AD8302DD10FE4007C00BD /* Release */,
			);
			defaultConfigurationIsVisible = 0;
			defaultConfigurationName = Release;
		};
		947AD82C2DD10FE4007C00BD /* Build configuration list for PBXNativeTarget "SciNotes" */ = {
			isa = XCConfigurationList;
			buildConfigurations = (
				947AD82D2DD10FE4007C00BD /* Debug */,
				947AD82E2DD10FE4007C00BD /* Release */,
			);
			defaultConfigurationIsVisible = 0;
			defaultConfigurationName = Release;
		};
		947AD8312DD10FE4007C00BD /* Build configuration list for PBXNativeTarget "SciNotesTests" */ = {
			isa = XCConfigurationList;
			buildConfigurations = (
				947AD8322DD10FE4007C00BD /* Debug */,
				947AD8332DD10FE4007C00BD /* Release */,
			);
			defaultConfigurationIsVisible = 0;
			defaultConfigurationName = Release;
		};
		947AD8342DD10FE4007C00BD /* Build configuration list for PBXNativeTarget "SciNotesUITests" */ = {
			isa = XCConfigurationList;
			buildConfigurations = (
				947AD8352DD10FE4007C00BD /* Debug */,
				947AD8362DD10FE4007C00BD /* Release */,
			);
			defaultConfigurationIsVisible = 0;
			defaultConfigurationName = Release;
		};
/* End XCConfigurationList section */
	};
	rootObject = 947AD8012DD10FE3007C00BD /* Project object */;
}
