// !$*UTF8*$!
{
	archiveVersion = 1;
	classes = {
	};
	objectVersion = 77;
	objects = {

/* Begin PBXContainerItemProxy section */
		94ABBA1F2DBD1947009C65E7 /* PBXContainerItemProxy */ = {
			isa = PBXContainerItemProxy;
			containerPortal = 94ABBA092DBD1946009C65E7 /* Project object */;
			proxyType = 1;
			remoteGlobalIDString = 94ABBA102DBD1946009C65E7;
			remoteInfo = SciNotes;
		};
		94ABBA292DBD1947009C65E7 /* PBXContainerItemProxy */ = {
			isa = PBXContainerItemProxy;
			containerPortal = 94ABBA092DBD1946009C65E7 /* Project object */;
			proxyType = 1;
			remoteGlobalIDString = 94ABBA102DBD1946009C65E7;
			remoteInfo = SciNotes;
		};
/* End PBXContainerItemProxy section */

/* Begin PBXFileReference section */
		94ABBA112DBD1946009C65E7 /* SciNotes.app */ = {isa = PBXFileReference; explicitFileType = wrapper.application; includeInIndex = 0; path = SciNotes.app; sourceTree = BUILT_PRODUCTS_DIR; };
		94ABBA1E2DBD1947009C65E7 /* SciNotesTests.xctest */ = {isa = PBXFileReference; explicitFileType = wrapper.cfbundle; includeInIndex = 0; path = SciNotesTests.xctest; sourceTree = BUILT_PRODUCTS_DIR; };
		94ABBA282DBD1947009C65E7 /* SciNotesUITests.xctest */ = {isa = PBXFileReference; explicitFileType = wrapper.cfbundle; includeInIndex = 0; path = SciNotesUITests.xctest; sourceTree = BUILT_PRODUCTS_DIR; };
/* End PBXFileReference section */

/* Begin PBXFileSystemSynchronizedRootGroup section */
		94ABBA132DBD1946009C65E7 /* SciNotes */ = {
			isa = PBXFileSystemSynchronizedRootGroup;
			path = SciNotes;
			sourceTree = "<group>";
		};
		94ABBA212DBD1947009C65E7 /* SciNotesTests */ = {
			isa = PBXFileSystemSynchronizedRootGroup;
			path = SciNotesTests;
			sourceTree = "<group>";
		};
		94ABBA2B2DBD1947009C65E7 /* SciNotesUITests */ = {
			isa = PBXFileSystemSynchronizedRootGroup;
			path = SciNotesUITests;
			sourceTree = "<group>";
		};
/* End PBXFileSystemSynchronizedRootGroup section */

/* Begin PBXFrameworksBuildPhase section */
		94ABBA0E2DBD1946009C65E7 /* Frameworks */ = {
			isa = PBXFrameworksBuildPhase;
			buildActionMask = 2147483647;
			files = (
			);
			runOnlyForDeploymentPostprocessing = 0;
		};
		94ABBA1B2DBD1947009C65E7 /* Frameworks */ = {
			isa = PBXFrameworksBuildPhase;
			buildActionMask = 2147483647;
			files = (
			);
			runOnlyForDeploymentPostprocessing = 0;
		};
		94ABBA252DBD1947009C65E7 /* Frameworks */ = {
			isa = PBXFrameworksBuildPhase;
			buildActionMask = 2147483647;
			files = (
			);
			runOnlyForDeploymentPostprocessing = 0;
		};
/* End PBXFrameworksBuildPhase section */

/* Begin PBXGroup section */
		94ABBA082DBD1946009C65E7 = {
			isa = PBXGroup;
			children = (
				94ABBA132DBD1946009C65E7 /* SciNotes */,
				94ABBA212DBD1947009C65E7 /* SciNotesTests */,
				94ABBA2B2DBD1947009C65E7 /* SciNotesUITests */,
				94ABBA122DBD1946009C65E7 /* Products */,
			);
			sourceTree = "<group>";
		};
		94ABBA122DBD1946009C65E7 /* Products */ = {
			isa = PBXGroup;
			children = (
				94ABBA112DBD1946009C65E7 /* SciNotes.app */,
				94ABBA1E2DBD1947009C65E7 /* SciNotesTests.xctest */,
				94ABBA282DBD1947009C65E7 /* SciNotesUITests.xctest */,
			);
			name = Products;
			sourceTree = "<group>";
		};
/* End PBXGroup section */

/* Begin PBXNativeTarget section */
		94ABBA102DBD1946009C65E7 /* SciNotes */ = {
			isa = PBXNativeTarget;
			buildConfigurationList = 94ABBA322DBD1947009C65E7 /* Build configuration list for PBXNativeTarget "SciNotes" */;
			buildPhases = (
				94ABBA0D2DBD1946009C65E7 /* Sources */,
				94ABBA0E2DBD1946009C65E7 /* Frameworks */,
				94ABBA0F2DBD1946009C65E7 /* Resources */,
			);
			buildRules = (
			);
			dependencies = (
			);
			fileSystemSynchronizedGroups = (
				94ABBA132DBD1946009C65E7 /* SciNotes */,
			);
			name = SciNotes;
			packageProductDependencies = (
			);
			productName = SciNotes;
			productReference = 94ABBA112DBD1946009C65E7 /* SciNotes.app */;
			productType = "com.apple.product-type.application";
		};
		94ABBA1D2DBD1947009C65E7 /* SciNotesTests */ = {
			isa = PBXNativeTarget;
			buildConfigurationList = 94ABBA352DBD1947009C65E7 /* Build configuration list for PBXNativeTarget "SciNotesTests" */;
			buildPhases = (
				94ABBA1A2DBD1947009C65E7 /* Sources */,
				94ABBA1B2DBD1947009C65E7 /* Frameworks */,
				94ABBA1C2DBD1947009C65E7 /* Resources */,
			);
			buildRules = (
			);
			dependencies = (
				94ABBA202DBD1947009C65E7 /* PBXTargetDependency */,
			);
			fileSystemSynchronizedGroups = (
				94ABBA212DBD1947009C65E7 /* SciNotesTests */,
			);
			name = SciNotesTests;
			packageProductDependencies = (
			);
			productName = SciNotesTests;
			productReference = 94ABBA1E2DBD1947009C65E7 /* SciNotesTests.xctest */;
			productType = "com.apple.product-type.bundle.unit-test";
		};
		94ABBA272DBD1947009C65E7 /* SciNotesUITests */ = {
			isa = PBXNativeTarget;
			buildConfigurationList = 94ABBA382DBD1947009C65E7 /* Build configuration list for PBXNativeTarget "SciNotesUITests" */;
			buildPhases = (
				94ABBA242DBD1947009C65E7 /* Sources */,
				94ABBA252DBD1947009C65E7 /* Frameworks */,
				94ABBA262DBD1947009C65E7 /* Resources */,
			);
			buildRules = (
			);
			dependencies = (
				94ABBA2A2DBD1947009C65E7 /* PBXTargetDependency */,
			);
			fileSystemSynchronizedGroups = (
				94ABBA2B2DBD1947009C65E7 /* SciNotesUITests */,
			);
			name = SciNotesUITests;
			packageProductDependencies = (
			);
			productName = SciNotesUITests;
			productReference = 94ABBA282DBD1947009C65E7 /* SciNotesUITests.xctest */;
			productType = "com.apple.product-type.bundle.ui-testing";
		};
/* End PBXNativeTarget section */

/* Begin PBXProject section */
		94ABBA092DBD1946009C65E7 /* Project object */ = {
			isa = PBXProject;
			attributes = {
				BuildIndependentTargetsInParallel = 1;
				LastSwiftUpdateCheck = 1630;
				LastUpgradeCheck = 1630;
				TargetAttributes = {
					94ABBA102DBD1946009C65E7 = {
						CreatedOnToolsVersion = 16.3;
					};
					94ABBA1D2DBD1947009C65E7 = {
						CreatedOnToolsVersion = 16.3;
						TestTargetID = 94ABBA102DBD1946009C65E7;
					};
					94ABBA272DBD1947009C65E7 = {
						CreatedOnToolsVersion = 16.3;
						TestTargetID = 94ABBA102DBD1946009C65E7;
					};
				};
			};
			buildConfigurationList = 94ABBA0C2DBD1946009C65E7 /* Build configuration list for PBXProject "SciNotes" */;
			developmentRegion = en;
			hasScannedForEncodings = 0;
			knownRegions = (
				en,
				Base,
			);
			mainGroup = 94ABBA082DBD1946009C65E7;
			minimizedProjectReferenceProxies = 1;
			preferredProjectObjectVersion = 77;
			productRefGroup = 94ABBA122DBD1946009C65E7 /* Products */;
			projectDirPath = "";
			projectRoot = "";
			targets = (
				94ABBA102DBD1946009C65E7 /* SciNotes */,
				94ABBA1D2DBD1947009C65E7 /* SciNotesTests */,
				94ABBA272DBD1947009C65E7 /* SciNotesUITests */,
			);
		};
/* End PBXProject section */

/* Begin PBXResourcesBuildPhase section */
		94ABBA0F2DBD1946009C65E7 /* Resources */ = {
			isa = PBXResourcesBuildPhase;
			buildActionMask = 2147483647;
			files = (
			);
			runOnlyForDeploymentPostprocessing = 0;
		};
		94ABBA1C2DBD1947009C65E7 /* Resources */ = {
			isa = PBXResourcesBuildPhase;
			buildActionMask = 2147483647;
			files = (
			);
			runOnlyForDeploymentPostprocessing = 0;
		};
		94ABBA262DBD1947009C65E7 /* Resources */ = {
			isa = PBXResourcesBuildPhase;
			buildActionMask = 2147483647;
			files = (
			);
			runOnlyForDeploymentPostprocessing = 0;
		};
/* End PBXResourcesBuildPhase section */

/* Begin PBXSourcesBuildPhase section */
		94ABBA0D2DBD1946009C65E7 /* Sources */ = {
			isa = PBXSourcesBuildPhase;
			buildActionMask = 2147483647;
			files = (
			);
			runOnlyForDeploymentPostprocessing = 0;
		};
		94ABBA1A2DBD1947009C65E7 /* Sources */ = {
			isa = PBXSourcesBuildPhase;
			buildActionMask = 2147483647;
			files = (
			);
			runOnlyForDeploymentPostprocessing = 0;
		};
		94ABBA242DBD1947009C65E7 /* Sources */ = {
			isa = PBXSourcesBuildPhase;
			buildActionMask = 2147483647;
			files = (
			);
			runOnlyForDeploymentPostprocessing = 0;
		};
/* End PBXSourcesBuildPhase section */

/* Begin PBXTargetDependency section */
		94ABBA202DBD1947009C65E7 /* PBXTargetDependency */ = {
			isa = PBXTargetDependency;
			target = 94ABBA102DBD1946009C65E7 /* SciNotes */;
			targetProxy = 94ABBA1F2DBD1947009C65E7 /* PBXContainerItemProxy */;
		};
		94ABBA2A2DBD1947009C65E7 /* PBXTargetDependency */ = {
			isa = PBXTargetDependency;
			target = 94ABBA102DBD1946009C65E7 /* SciNotes */;
			targetProxy = 94ABBA292DBD1947009C65E7 /* PBXContainerItemProxy */;
		};
/* End PBXTargetDependency section */

/* Begin XCBuildConfiguration section */
		94ABBA302DBD1947009C65E7 /* Debug */ = {
			isa = XCBuildConfiguration;
			buildSettings = {
				ALWAYS_SEARCH_USER_PATHS = NO;
				ASSETCATALOG_COMPILER_GENERATE_SWIFT_ASSET_SYMBOL_EXTENSIONS = YES;
				CLANG_ANALYZER_NONNULL = YES;
				CLANG_ANALYZER_NUMBER_OBJECT_CONVERSION = YES_AGGRESSIVE;
				CLANG_CXX_LANGUAGE_STANDARD = "gnu++20";
				CLANG_ENABLE_MODULES = YES;
				CLANG_ENABLE_OBJC_ARC = YES;
				CLANG_ENABLE_OBJC_WEAK = YES;
				CLANG_WARN_BLOCK_CAPTURE_AUTORELEASING = YES;
				CLANG_WARN_BOOL_CONVERSION = YES;
				CLANG_WARN_COMMA = YES;
				CLANG_WARN_CONSTANT_CONVERSION = YES;
				CLANG_WARN_DEPRECATED_OBJC_IMPLEMENTATIONS = YES;
				CLANG_WARN_DIRECT_OBJC_ISA_USAGE = YES_ERROR;
				CLANG_WARN_DOCUMENTATION_COMMENTS = YES;
				CLANG_WARN_EMPTY_BODY = YES;
				CLANG_WARN_ENUM_CONVERSION = YES;
				CLANG_WARN_INFINITE_RECURSION = YES;
				CLANG_WARN_INT_CONVERSION = YES;
				CLANG_WARN_NON_LITERAL_NULL_CONVERSION = YES;
				CLANG_WARN_OBJC_IMPLICIT_RETAIN_SELF = YES;
				CLANG_WARN_OBJC_LITERAL_CONVERSION = YES;
				CLANG_WARN_OBJC_ROOT_CLASS = YES_ERROR;
				CLANG_WARN_QUOTED_INCLUDE_IN_FRAMEWORK_HEADER = YES;
				CLANG_WARN_RANGE_LOOP_ANALYSIS = YES;
				CLANG_WARN_STRICT_PROTOTYPES = YES;
				CLANG_WARN_SUSPICIOUS_MOVE = YES;
				CLANG_WARN_UNGUARDED_AVAILABILITY = YES_AGGRESSIVE;
				CLANG_WARN_UNREACHABLE_CODE = YES;
				CLANG_WARN__DUPLICATE_METHOD_MATCH = YES;
				COPY_PHASE_STRIP = NO;
				DEBUG_INFORMATION_FORMAT = dwarf;
				ENABLE_STRICT_OBJC_MSGSEND = YES;
				ENABLE_TESTABILITY = YES;
				ENABLE_USER_SCRIPT_SANDBOXING = YES;
				GCC_C_LANGUAGE_STANDARD = gnu17;
				GCC_DYNAMIC_NO_PIC = NO;
				GCC_NO_COMMON_BLOCKS = YES;
				GCC_OPTIMIZATION_LEVEL = 0;
				GCC_PREPROCESSOR_DEFINITIONS = (
					"DEBUG=1",
					"$(inherited)",
				);
				GCC_WARN_64_TO_32_BIT_CONVERSION = YES;
				GCC_WARN_ABOUT_RETURN_TYPE = YES_ERROR;
				GCC_WARN_UNDECLARED_SELECTOR = YES;
				GCC_WARN_UNINITIALIZED_AUTOS = YES_AGGRESSIVE;
				GCC_WARN_UNUSED_FUNCTION = YES;
				GCC_WARN_UNUSED_VARIABLE = YES;
				IPHONEOS_DEPLOYMENT_TARGET = 18.4;
				LOCALIZATION_PREFERS_STRING_CATALOGS = YES;
				MTL_ENABLE_DEBUG_INFO = INCLUDE_SOURCE;
				MTL_FAST_MATH = YES;
				ONLY_ACTIVE_ARCH = YES;
				SDKROOT = iphoneos;
				SWIFT_ACTIVE_COMPILATION_CONDITIONS = "DEBUG $(inherited)";
				SWIFT_OPTIMIZATION_LEVEL = "-Onone";
			};
			name = Debug;
		};
		94ABBA312DBD1947009C65E7 /* Release */ = {
			isa = XCBuildConfiguration;
			buildSettings = {
				ALWAYS_SEARCH_USER_PATHS = NO;
				ASSETCATALOG_COMPILER_GENERATE_SWIFT_ASSET_SYMBOL_EXTENSIONS = YES;
				CLANG_ANALYZER_NONNULL = YES;
				CLANG_ANALYZER_NUMBER_OBJECT_CONVERSION = YES_AGGRESSIVE;
				CLANG_CXX_LANGUAGE_STANDARD = "gnu++20";
				CLANG_ENABLE_MODULES = YES;
				CLANG_ENABLE_OBJC_ARC = YES;
				CLANG_ENABLE_OBJC_WEAK = YES;
				CLANG_WARN_BLOCK_CAPTURE_AUTORELEASING = YES;
				CLANG_WARN_BOOL_CONVERSION = YES;
				CLANG_WARN_COMMA = YES;
				CLANG_WARN_CONSTANT_CONVERSION = YES;
				CLANG_WARN_DEPRECATED_OBJC_IMPLEMENTATIONS = YES;
				CLANG_WARN_DIRECT_OBJC_ISA_USAGE = YES_ERROR;
				CLANG_WARN_DOCUMENTATION_COMMENTS = YES;
				CLANG_WARN_EMPTY_BODY = YES;
				CLANG_WARN_ENUM_CONVERSION = YES;
				CLANG_WARN_INFINITE_RECURSION = YES;
				CLANG_WARN_INT_CONVERSION = YES;
				CLANG_WARN_NON_LITERAL_NULL_CONVERSION = YES;
				CLANG_WARN_OBJC_IMPLICIT_RETAIN_SELF = YES;
				CLANG_WARN_OBJC_LITERAL_CONVERSION = YES;
				CLANG_WARN_OBJC_ROOT_CLASS = YES_ERROR;
				CLANG_WARN_QUOTED_INCLUDE_IN_FRAMEWORK_HEADER = YES;
				CLANG_WARN_RANGE_LOOP_ANALYSIS = YES;
				CLANG_WARN_STRICT_PROTOTYPES = YES;
				CLANG_WARN_SUSPICIOUS_MOVE = YES;
				CLANG_WARN_UNGUARDED_AVAILABILITY = YES_AGGRESSIVE;
				CLANG_WARN_UNREACHABLE_CODE = YES;
				CLANG_WARN__DUPLICATE_METHOD_MATCH = YES;
				COPY_PHASE_STRIP = NO;
				DEBUG_INFORMATION_FORMAT = "dwarf-with-dsym";
				ENABLE_NS_ASSERTIONS = NO;
				ENABLE_STRICT_OBJC_MSGSEND = YES;
				ENABLE_USER_SCRIPT_SANDBOXING = YES;
				GCC_C_LANGUAGE_STANDARD = gnu17;
				GCC_NO_COMMON_BLOCKS = YES;
				GCC_WARN_64_TO_32_BIT_CONVERSION = YES;
				GCC_WARN_ABOUT_RETURN_TYPE = YES_ERROR;
				GCC_WARN_UNDECLARED_SELECTOR = YES;
				GCC_WARN_UNINITIALIZED_AUTOS = YES_AGGRESSIVE;
				GCC_WARN_UNUSED_FUNCTION = YES;
				GCC_WARN_UNUSED_VARIABLE = YES;
				IPHONEOS_DEPLOYMENT_TARGET = 18.4;
				LOCALIZATION_PREFERS_STRING_CATALOGS = YES;
				MTL_ENABLE_DEBUG_INFO = NO;
				MTL_FAST_MATH = YES;
				SDKROOT = iphoneos;
				SWIFT_COMPILATION_MODE = wholemodule;
				VALIDATE_PRODUCT = YES;
			};
			name = Release;
		};
		94ABBA332DBD1947009C65E7 /* Debug */ = {
			isa = XCBuildConfiguration;
			buildSettings = {
				ASSETCATALOG_COMPILER_APPICON_NAME = AppIcon;
				ASSETCATALOG_COMPILER_GLOBAL_ACCENT_COLOR_NAME = AccentColor;
				CODE_SIGN_STYLE = Automatic;
				CURRENT_PROJECT_VERSION = 1;
				DEVELOPMENT_TEAM = JM76RYKJ54;
				ENABLE_PREVIEWS = YES;
				GENERATE_INFOPLIST_FILE = YES;
				INFOPLIST_KEY_UIApplicationSceneManifest_Generation = YES;
				INFOPLIST_KEY_UIApplicationSupportsIndirectInputEvents = YES;
				INFOPLIST_KEY_UILaunchScreen_Generation = YES;
				INFOPLIST_KEY_UISupportedInterfaceOrientations_iPad = "UIInterfaceOrientationPortrait UIInterfaceOrientationPortraitUpsideDown UIInterfaceOrientationLandscapeLeft UIInterfaceOrientationLandscapeRight";
				INFOPLIST_KEY_UISupportedInterfaceOrientations_iPhone = "UIInterfaceOrientationPortrait UIInterfaceOrientationLandscapeLeft UIInterfaceOrientationLandscapeRight";
				IPHONEOS_DEPLOYMENT_TARGET = 18.3.1;
				LD_RUNPATH_SEARCH_PATHS = (
					"$(inherited)",
					"@executable_path/Frameworks",
				);
				MARKETING_VERSION = 1.0;
				PRODUCT_BUNDLE_IDENTIFIER = com.takeruito.SciNotes;
				PRODUCT_NAME = "$(TARGET_NAME)";
				SWIFT_EMIT_LOC_STRINGS = YES;
				SWIFT_VERSION = 5.0;
				TARGETED_DEVICE_FAMILY = "1,2";
			};
			name = Debug;
		};
		94ABBA342DBD1947009C65E7 /* Release */ = {
			isa = XCBuildConfiguration;
			buildSettings = {
				ASSETCATALOG_COMPILER_APPICON_NAME = AppIcon;
				ASSETCATALOG_COMPILER_GLOBAL_ACCENT_COLOR_NAME = AccentColor;
				CODE_SIGN_STYLE = Automatic;
				CURRENT_PROJECT_VERSION = 1;
				DEVELOPMENT_TEAM = JM76RYKJ54;
				ENABLE_PREVIEWS = YES;
				GENERATE_INFOPLIST_FILE = YES;
				INFOPLIST_KEY_UIApplicationSceneManifest_Generation = YES;
				INFOPLIST_KEY_UIApplicationSupportsIndirectInputEvents = YES;
				INFOPLIST_KEY_UILaunchScreen_Generation = YES;
				INFOPLIST_KEY_UISupportedInterfaceOrientations_iPad = "UIInterfaceOrientationPortrait UIInterfaceOrientationPortraitUpsideDown UIInterfaceOrientationLandscapeLeft UIInterfaceOrientationLandscapeRight";
				INFOPLIST_KEY_UISupportedInterfaceOrientations_iPhone = "UIInterfaceOrientationPortrait UIInterfaceOrientationLandscapeLeft UIInterfaceOrientationLandscapeRight";
				IPHONEOS_DEPLOYMENT_TARGET = 18.3.1;
				LD_RUNPATH_SEARCH_PATHS = (
					"$(inherited)",
					"@executable_path/Frameworks",
				);
				MARKETING_VERSION = 1.0;
				PRODUCT_BUNDLE_IDENTIFIER = com.takeruito.SciNotes;
				PRODUCT_NAME = "$(TARGET_NAME)";
				SWIFT_EMIT_LOC_STRINGS = YES;
				SWIFT_VERSION = 5.0;
				TARGETED_DEVICE_FAMILY = "1,2";
			};
			name = Release;
		};
		94ABBA362DBD1947009C65E7 /* Debug */ = {
			isa = XCBuildConfiguration;
			buildSettings = {
				BUNDLE_LOADER = "$(TEST_HOST)";
				CODE_SIGN_STYLE = Automatic;
				CURRENT_PROJECT_VERSION = 1;
				GENERATE_INFOPLIST_FILE = YES;
				IPHONEOS_DEPLOYMENT_TARGET = 18.4;
				MARKETING_VERSION = 1.0;
				PRODUCT_BUNDLE_IDENTIFIER = com.takeruito.SciNotesTests;
				PRODUCT_NAME = "$(TARGET_NAME)";
				SWIFT_EMIT_LOC_STRINGS = NO;
				SWIFT_VERSION = 5.0;
				TARGETED_DEVICE_FAMILY = "1,2";
				TEST_HOST = "$(BUILT_PRODUCTS_DIR)/SciNotes.app/$(BUNDLE_EXECUTABLE_FOLDER_PATH)/SciNotes";
			};
			name = Debug;
		};
		94ABBA372DBD1947009C65E7 /* Release */ = {
			isa = XCBuildConfiguration;
			buildSettings = {
				BUNDLE_LOADER = "$(TEST_HOST)";
				CODE_SIGN_STYLE = Automatic;
				CURRENT_PROJECT_VERSION = 1;
				GENERATE_INFOPLIST_FILE = YES;
				IPHONEOS_DEPLOYMENT_TARGET = 18.4;
				MARKETING_VERSION = 1.0;
				PRODUCT_BUNDLE_IDENTIFIER = com.takeruito.SciNotesTests;
				PRODUCT_NAME = "$(TARGET_NAME)";
				SWIFT_EMIT_LOC_STRINGS = NO;
				SWIFT_VERSION = 5.0;
				TARGETED_DEVICE_FAMILY = "1,2";
				TEST_HOST = "$(BUILT_PRODUCTS_DIR)/SciNotes.app/$(BUNDLE_EXECUTABLE_FOLDER_PATH)/SciNotes";
			};
			name = Release;
		};
		94ABBA392DBD1947009C65E7 /* Debug */ = {
			isa = XCBuildConfiguration;
			buildSettings = {
				CODE_SIGN_STYLE = Automatic;
				CURRENT_PROJECT_VERSION = 1;
				GENERATE_INFOPLIST_FILE = YES;
				MARKETING_VERSION = 1.0;
				PRODUCT_BUNDLE_IDENTIFIER = com.takeruito.SciNotesUITests;
				PRODUCT_NAME = "$(TARGET_NAME)";
				SWIFT_EMIT_LOC_STRINGS = NO;
				SWIFT_VERSION = 5.0;
				TARGETED_DEVICE_FAMILY = "1,2";
				TEST_TARGET_NAME = SciNotes;
			};
			name = Debug;
		};
		94ABBA3A2DBD1947009C65E7 /* Release */ = {
			isa = XCBuildConfiguration;
			buildSettings = {
				CODE_SIGN_STYLE = Automatic;
				CURRENT_PROJECT_VERSION = 1;
				GENERATE_INFOPLIST_FILE = YES;
				MARKETING_VERSION = 1.0;
				PRODUCT_BUNDLE_IDENTIFIER = com.takeruito.SciNotesUITests;
				PRODUCT_NAME = "$(TARGET_NAME)";
				SWIFT_EMIT_LOC_STRINGS = NO;
				SWIFT_VERSION = 5.0;
				TARGETED_DEVICE_FAMILY = "1,2";
				TEST_TARGET_NAME = SciNotes;
			};
			name = Release;
		};
/* End XCBuildConfiguration section */

/* Begin XCConfigurationList section */
		94ABBA0C2DBD1946009C65E7 /* Build configuration list for PBXProject "SciNotes" */ = {
			isa = XCConfigurationList;
			buildConfigurations = (
				94ABBA302DBD1947009C65E7 /* Debug */,
				94ABBA312DBD1947009C65E7 /* Release */,
			);
			defaultConfigurationIsVisible = 0;
			defaultConfigurationName = Release;
		};
		94ABBA322DBD1947009C65E7 /* Build configuration list for PBXNativeTarget "SciNotes" */ = {
			isa = XCConfigurationList;
			buildConfigurations = (
				94ABBA332DBD1947009C65E7 /* Debug */,
				94ABBA342DBD1947009C65E7 /* Release */,
			);
			defaultConfigurationIsVisible = 0;
			defaultConfigurationName = Release;
		};
		94ABBA352DBD1947009C65E7 /* Build configuration list for PBXNativeTarget "SciNotesTests" */ = {
			isa = XCConfigurationList;
			buildConfigurations = (
				94ABBA362DBD1947009C65E7 /* Debug */,
				94ABBA372DBD1947009C65E7 /* Release */,
			);
			defaultConfigurationIsVisible = 0;
			defaultConfigurationName = Release;
		};
		94ABBA382DBD1947009C65E7 /* Build configuration list for PBXNativeTarget "SciNotesUITests" */ = {
			isa = XCConfigurationList;
			buildConfigurations = (
				94ABBA392DBD1947009C65E7 /* Debug */,
				94ABBA3A2DBD1947009C65E7 /* Release */,
			);
			defaultConfigurationIsVisible = 0;
			defaultConfigurationName = Release;
		};
/* End XCConfigurationList section */
	};
	rootObject = 94ABBA092DBD1946009C65E7 /* Project object */;
}
